
Microsoft Visual Studio Solution File, Format Version 12.00
# Visual Studio Version 17
VisualStudioVersion = 17.2.32526.322
MinimumVisualStudioVersion = 10.0.40219.1
Project("{9A19103F-16F7-4668-BE54-9A1E7A4F7556}") = "CSTestProject", "CSTestProject.csproj", "{8CF7C641-0D8A-4A65-A3B6-9FE81250A6BE}"
EndProject
Global
	GlobalSection(SolutionConfigurationPlatforms) = preSolution
		Debug|Any CPU = Debug|Any CPU
		Release|Any CPU = Release|Any CPU
	EndGlobalSection
	GlobalSection(ProjectConfigurationPlatforms) = postSolution
		{8CF7C641-0D8A-4A65-A3B6-9FE81250A6BE}.Debug|Any CPU.ActiveCfg = Debug|Any CPU
		{8CF7C641-0D8A-4A65-A3B6-9FE81250A6BE}.Debug|Any CPU.Build.0 = Debug|Any CPU
		{8CF7C641-0D8A-4A65-A3B6-9FE81250A6BE}.Release|Any CPU.ActiveCfg = Release|Any CPU
		{8CF7C641-0D8A-4A65-A3B6-9FE81250A6BE}.Release|Any CPU.Build.0 = Release|Any CPU
	EndGlobalSection
	GlobalSection(SolutionProperties) = preSolution
		HideSolutionNode = FALSE
	EndGlobalSection
	GlobalSection(ExtensibilityGlobals) = postSolution
		SolutionGuid = {A018CC1E-CBF9-4EEF-A278-0512056CCF43}
	EndGlobalSection
EndGlobal
